// !$*UTF8*$!
{
	archiveVersion = 1;
	classes = {
	};
	objectVersion = 55;
	objects = {

/* Begin PBXBuildFile section */
		05CE1B9FE8C047D4CD55E582 /* Pods_color_customization.framework in Frameworks */ = {isa = PBXBuildFile; fileRef = 89ECD8A0F2A755E4DAA574CF /* Pods_color_customization.framework */; };
		753FC34F288951C700269FD2 /* AppDelegate.swift in Sources */ = {isa = PBXBuildFile; fileRef = 753FC34E288951C700269FD2 /* AppDelegate.swift */; };
		753FC353288951C700269FD2 /* ViewController.swift in Sources */ = {isa = PBXBuildFile; fileRef = 753FC352288951C700269FD2 /* ViewController.swift */; };
		753FC356288951C700269FD2 /* Main.storyboard in Resources */ = {isa = PBXBuildFile; fileRef = 753FC354288951C700269FD2 /* Main.storyboard */; };
		753FC358288951C900269FD2 /* Assets.xcassets in Resources */ = {isa = PBXBuildFile; fileRef = 753FC357288951C900269FD2 /* Assets.xcassets */; };
		753FC35B288951C900269FD2 /* LaunchScreen.storyboard in Resources */ = {isa = PBXBuildFile; fileRef = 753FC359288951C900269FD2 /* LaunchScreen.storyboard */; };
		756D3026288982CE00FCD19E /* UIColor.Extensions.swift in Sources */ = {isa = PBXBuildFile; fileRef = 756D3025288982CE00FCD19E /* UIColor.Extensions.swift */; };
		756D30282889912600FCD19E /* ThemeA.swift in Sources */ = {isa = PBXBuildFile; fileRef = 756D30272889912600FCD19E /* ThemeA.swift */; };
		756D302A2889919200FCD19E /* Configuration.swift in Sources */ = {isa = PBXBuildFile; fileRef = 756D30292889919200FCD19E /* Configuration.swift */; };
/* End PBXBuildFile section */

/* Begin PBXFileReference section */
		15A463D44F20FF5A2C54C8CB /* Pods-color-customization.release.xcconfig */ = {isa = PBXFileReference; includeInIndex = 1; lastKnownFileType = text.xcconfig; name = "Pods-color-customization.release.xcconfig"; path = "Target Support Files/Pods-color-customization/Pods-color-customization.release.xcconfig"; sourceTree = "<group>"; };
		753FC34B288951C700269FD2 /* color-customization.app */ = {isa = PBXFileReference; explicitFileType = wrapper.application; includeInIndex = 0; path = "color-customization.app"; sourceTree = BUILT_PRODUCTS_DIR; };
		753FC34E288951C700269FD2 /* AppDelegate.swift */ = {isa = PBXFileReference; lastKnownFileType = sourcecode.swift; path = AppDelegate.swift; sourceTree = "<group>"; };
		753FC352288951C700269FD2 /* ViewController.swift */ = {isa = PBXFileReference; lastKnownFileType = sourcecode.swift; path = ViewController.swift; sourceTree = "<group>"; };
		753FC355288951C700269FD2 /* Base */ = {isa = PBXFileReference; lastKnownFileType = file.storyboard; name = Base; path = Base.lproj/Main.storyboard; sourceTree = "<group>"; };
		753FC357288951C900269FD2 /* Assets.xcassets */ = {isa = PBXFileReference; lastKnownFileType = folder.assetcatalog; path = Assets.xcassets; sourceTree = "<group>"; };
		753FC35A288951C900269FD2 /* Base */ = {isa = PBXFileReference; lastKnownFileType = file.storyboard; name = Base; path = Base.lproj/LaunchScreen.storyboard; sourceTree = "<group>"; };
		753FC35C288951C900269FD2 /* Info.plist */ = {isa = PBXFileReference; lastKnownFileType = text.plist.xml; path = Info.plist; sourceTree = "<group>"; };
		756D3025288982CE00FCD19E /* UIColor.Extensions.swift */ = {isa = PBXFileReference; lastKnownFileType = sourcecode.swift; path = UIColor.Extensions.swift; sourceTree = "<group>"; };
		756D30272889912600FCD19E /* ThemeA.swift */ = {isa = PBXFileReference; lastKnownFileType = sourcecode.swift; path = ThemeA.swift; sourceTree = "<group>"; };
		756D30292889919200FCD19E /* Configuration.swift */ = {isa = PBXFileReference; lastKnownFileType = sourcecode.swift; path = Configuration.swift; sourceTree = "<group>"; };
		89ECD8A0F2A755E4DAA574CF /* Pods_color_customization.framework */ = {isa = PBXFileReference; explicitFileType = wrapper.framework; includeInIndex = 0; path = Pods_color_customization.framework; sourceTree = BUILT_PRODUCTS_DIR; };
		A257DB4B44812C1F7F37FB5D /* Pods-color-customization.debug.xcconfig */ = {isa = PBXFileReference; includeInIndex = 1; lastKnownFileType = text.xcconfig; name = "Pods-color-customization.debug.xcconfig"; path = "Target Support Files/Pods-color-customization/Pods-color-customization.debug.xcconfig"; sourceTree = "<group>"; };
/* End PBXFileReference section */

/* Begin PBXFrameworksBuildPhase section */
		753FC348288951C700269FD2 /* Frameworks */ = {
			isa = PBXFrameworksBuildPhase;
			buildActionMask = 2147483647;
			files = (
				05CE1B9FE8C047D4CD55E582 /* Pods_color_customization.framework in Frameworks */,
			);
			runOnlyForDeploymentPostprocessing = 0;
		};
/* End PBXFrameworksBuildPhase section */

/* Begin PBXGroup section */
		27E4AFFDB75AC0590A1A5596 /* Pods */ = {
			isa = PBXGroup;
			children = (
				A257DB4B44812C1F7F37FB5D /* Pods-color-customization.debug.xcconfig */,
				15A463D44F20FF5A2C54C8CB /* Pods-color-customization.release.xcconfig */,
			);
			path = Pods;
			sourceTree = "<group>";
		};
		49A71309F70DB6EFC4C50C99 /* Frameworks */ = {
			isa = PBXGroup;
			children = (
				89ECD8A0F2A755E4DAA574CF /* Pods_color_customization.framework */,
			);
			name = Frameworks;
			sourceTree = "<group>";
		};
		753FC342288951C700269FD2 = {
			isa = PBXGroup;
			children = (
				753FC34D288951C700269FD2 /* color-customization */,
				753FC34C288951C700269FD2 /* Products */,
				27E4AFFDB75AC0590A1A5596 /* Pods */,
				49A71309F70DB6EFC4C50C99 /* Frameworks */,
			);
			sourceTree = "<group>";
		};
		753FC34C288951C700269FD2 /* Products */ = {
			isa = PBXGroup;
			children = (
				753FC34B288951C700269FD2 /* color-customization.app */,
			);
			name = Products;
			sourceTree = "<group>";
		};
		753FC34D288951C700269FD2 /* color-customization */ = {
			isa = PBXGroup;
			children = (
				756D3025288982CE00FCD19E /* UIColor.Extensions.swift */,
				756D30292889919200FCD19E /* Configuration.swift */,
				756D30272889912600FCD19E /* ThemeA.swift */,
				753FC34E288951C700269FD2 /* AppDelegate.swift */,
				753FC352288951C700269FD2 /* ViewController.swift */,
				753FC354288951C700269FD2 /* Main.storyboard */,
				753FC357288951C900269FD2 /* Assets.xcassets */,
				753FC359288951C900269FD2 /* LaunchScreen.storyboard */,
				753FC35C288951C900269FD2 /* Info.plist */,
			);
			path = "color-customization";
			sourceTree = "<group>";
		};
/* End PBXGroup section */

/* Begin PBXNativeTarget section */
		753FC34A288951C700269FD2 /* color-customization */ = {
			isa = PBXNativeTarget;
			buildConfigurationList = 753FC35F288951C900269FD2 /* Build configuration list for PBXNativeTarget "color-customization" */;
			buildPhases = (
				74F0772FC4A33C59D03DA50F /* [CP] Check Pods Manifest.lock */,
				753FC347288951C700269FD2 /* Sources */,
				753FC348288951C700269FD2 /* Frameworks */,
				753FC349288951C700269FD2 /* Resources */,
				3DA25D7AB743FB6FD7125766 /* [CP] Embed Pods Frameworks */,
			);
			buildRules = (
			);
			dependencies = (
			);
			name = "color-customization";
			productName = "color-customization";
			productReference = 753FC34B288951C700269FD2 /* color-customization.app */;
			productType = "com.apple.product-type.application";
		};
/* End PBXNativeTarget section */

/* Begin PBXProject section */
		753FC343288951C700269FD2 /* Project object */ = {
			isa = PBXProject;
			attributes = {
				BuildIndependentTargetsInParallel = 1;
				LastSwiftUpdateCheck = 1340;
				LastUpgradeCheck = 1340;
				TargetAttributes = {
					753FC34A288951C700269FD2 = {
						CreatedOnToolsVersion = 13.4.1;
					};
				};
			};
			buildConfigurationList = 753FC346288951C700269FD2 /* Build configuration list for PBXProject "color-customization" */;
			compatibilityVersion = "Xcode 13.0";
			developmentRegion = en;
			hasScannedForEncodings = 0;
			knownRegions = (
				en,
				Base,
			);
			mainGroup = 753FC342288951C700269FD2;
			productRefGroup = 753FC34C288951C700269FD2 /* Products */;
			projectDirPath = "";
			projectRoot = "";
			targets = (
				753FC34A288951C700269FD2 /* color-customization */,
			);
		};
/* End PBXProject section */

/* Begin PBXResourcesBuildPhase section */
		753FC349288951C700269FD2 /* Resources */ = {
			isa = PBXResourcesBuildPhase;
			buildActionMask = 2147483647;
			files = (
				753FC35B288951C900269FD2 /* LaunchScreen.storyboard in Resources */,
				753FC358288951C900269FD2 /* Assets.xcassets in Resources */,
				753FC356288951C700269FD2 /* Main.storyboard in Resources */,
			);
			runOnlyForDeploymentPostprocessing = 0;
		};
/* End PBXResourcesBuildPhase section */

/* Begin PBXShellScriptBuildPhase section */
		3DA25D7AB743FB6FD7125766 /* [CP] Embed Pods Frameworks */ = {
			isa = PBXShellScriptBuildPhase;
			buildActionMask = 2147483647;
			files = (
			);
			inputFileListPaths = (
				"${PODS_ROOT}/Target Support Files/Pods-color-customization/Pods-color-customization-frameworks-${CONFIGURATION}-input-files.xcfilelist",
			);
			name = "[CP] Embed Pods Frameworks";
			outputFileListPaths = (
				"${PODS_ROOT}/Target Support Files/Pods-color-customization/Pods-color-customization-frameworks-${CONFIGURATION}-output-files.xcfilelist",
			);
			runOnlyForDeploymentPostprocessing = 0;
			shellPath = /bin/sh;
			shellScript = "\"${PODS_ROOT}/Target Support Files/Pods-color-customization/Pods-color-customization-frameworks.sh\"\n";
			showEnvVarsInLog = 0;
		};
		74F0772FC4A33C59D03DA50F /* [CP] Check Pods Manifest.lock */ = {
			isa = PBXShellScriptBuildPhase;
			buildActionMask = 2147483647;
			files = (
			);
			inputFileListPaths = (
			);
			inputPaths = (
				"${PODS_PODFILE_DIR_PATH}/Podfile.lock",
				"${PODS_ROOT}/Manifest.lock",
			);
			name = "[CP] Check Pods Manifest.lock";
			outputFileListPaths = (
			);
			outputPaths = (
				"$(DERIVED_FILE_DIR)/Pods-color-customization-checkManifestLockResult.txt",
			);
			runOnlyForDeploymentPostprocessing = 0;
			shellPath = /bin/sh;
			shellScript = "diff \"${PODS_PODFILE_DIR_PATH}/Podfile.lock\" \"${PODS_ROOT}/Manifest.lock\" > /dev/null\nif [ $? != 0 ] ; then\n    # print error to STDERR\n    echo \"error: The sandbox is not in sync with the Podfile.lock. Run 'pod install' or update your CocoaPods installation.\" >&2\n    exit 1\nfi\n# This output is used by Xcode 'outputs' to avoid re-running this script phase.\necho \"SUCCESS\" > \"${SCRIPT_OUTPUT_FILE_0}\"\n";
			showEnvVarsInLog = 0;
		};
/* End PBXShellScriptBuildPhase section */

/* Begin PBXSourcesBuildPhase section */
		753FC347288951C700269FD2 /* Sources */ = {
			isa = PBXSourcesBuildPhase;
			buildActionMask = 2147483647;
			files = (
				753FC353288951C700269FD2 /* ViewController.swift in Sources */,
				756D302A2889919200FCD19E /* Configuration.swift in Sources */,
				753FC34F288951C700269FD2 /* AppDelegate.swift in Sources */,
				756D3026288982CE00FCD19E /* UIColor.Extensions.swift in Sources */,
				756D30282889912600FCD19E /* ThemeA.swift in Sources */,
			);
			runOnlyForDeploymentPostprocessing = 0;
		};
/* End PBXSourcesBuildPhase section */

/* Begin PBXVariantGroup section */
		753FC354288951C700269FD2 /* Main.storyboard */ = {
			isa = PBXVariantGroup;
			children = (
				753FC355288951C700269FD2 /* Base */,
			);
			name = Main.storyboard;
			sourceTree = "<group>";
		};
		753FC359288951C900269FD2 /* LaunchScreen.storyboard */ = {
			isa = PBXVariantGroup;
			children = (
				753FC35A288951C900269FD2 /* Base */,
			);
			name = LaunchScreen.storyboard;
			sourceTree = "<group>";
		};
/* End PBXVariantGroup section */

/* Begin XCBuildConfiguration section */
		753FC35D288951C900269FD2 /* Debug */ = {
			isa = XCBuildConfiguration;
			buildSettings = {
				ALWAYS_SEARCH_USER_PATHS = NO;
				CLANG_ANALYZER_NONNULL = YES;
				CLANG_ANALYZER_NUMBER_OBJECT_CONVERSION = YES_AGGRESSIVE;
				CLANG_CXX_LANGUAGE_STANDARD = "gnu++17";
				CLANG_ENABLE_MODULES = YES;
				CLANG_ENABLE_OBJC_ARC = YES;
				CLANG_ENABLE_OBJC_WEAK = YES;
				CLANG_WARN_BLOCK_CAPTURE_AUTORELEASING = YES;
				CLANG_WARN_BOOL_CONVERSION = YES;
				CLANG_WARN_COMMA = YES;
				CLANG_WARN_CONSTANT_CONVERSION = YES;
				CLANG_WARN_DEPRECATED_OBJC_IMPLEMENTATIONS = YES;
				CLANG_WARN_DIRECT_OBJC_ISA_USAGE = YES_ERROR;
				CLANG_WARN_DOCUMENTATION_COMMENTS = YES;
				CLANG_WARN_EMPTY_BODY = YES;
				CLANG_WARN_ENUM_CONVERSION = YES;
				CLANG_WARN_INFINITE_RECURSION = YES;
				CLANG_WARN_INT_CONVERSION = YES;
				CLANG_WARN_NON_LITERAL_NULL_CONVERSION = YES;
				CLANG_WARN_OBJC_IMPLICIT_RETAIN_SELF = YES;
				CLANG_WARN_OBJC_LITERAL_CONVERSION = YES;
				CLANG_WARN_OBJC_ROOT_CLASS = YES_ERROR;
				CLANG_WARN_QUOTED_INCLUDE_IN_FRAMEWORK_HEADER = YES;
				CLANG_WARN_RANGE_LOOP_ANALYSIS = YES;
				CLANG_WARN_STRICT_PROTOTYPES = YES;
				CLANG_WARN_SUSPICIOUS_MOVE = YES;
				CLANG_WARN_UNGUARDED_AVAILABILITY = YES_AGGRESSIVE;
				CLANG_WARN_UNREACHABLE_CODE = YES;
				CLANG_WARN__DUPLICATE_METHOD_MATCH = YES;
				COPY_PHASE_STRIP = NO;
				DEBUG_INFORMATION_FORMAT = dwarf;
				ENABLE_STRICT_OBJC_MSGSEND = YES;
				ENABLE_TESTABILITY = YES;
				GCC_C_LANGUAGE_STANDARD = gnu11;
				GCC_DYNAMIC_NO_PIC = NO;
				GCC_NO_COMMON_BLOCKS = YES;
				GCC_OPTIMIZATION_LEVEL = 0;
				GCC_PREPROCESSOR_DEFINITIONS = (
					"DEBUG=1",
					"$(inherited)",
				);
				GCC_WARN_64_TO_32_BIT_CONVERSION = YES;
				GCC_WARN_ABOUT_RETURN_TYPE = YES_ERROR;
				GCC_WARN_UNDECLARED_SELECTOR = YES;
				GCC_WARN_UNINITIALIZED_AUTOS = YES_AGGRESSIVE;
				GCC_WARN_UNUSED_FUNCTION = YES;
				GCC_WARN_UNUSED_VARIABLE = YES;
				IPHONEOS_DEPLOYMENT_TARGET = 15.5;
				MTL_ENABLE_DEBUG_INFO = INCLUDE_SOURCE;
				MTL_FAST_MATH = YES;
				ONLY_ACTIVE_ARCH = YES;
				SDKROOT = iphoneos;
				SWIFT_ACTIVE_COMPILATION_CONDITIONS = DEBUG;
				SWIFT_OPTIMIZATION_LEVEL = "-Onone";
			};
			name = Debug;
		};
		753FC35E288951C900269FD2 /* Release */ = {
			isa = XCBuildConfiguration;
			buildSettings = {
				ALWAYS_SEARCH_USER_PATHS = NO;
				CLANG_ANALYZER_NONNULL = YES;
				CLANG_ANALYZER_NUMBER_OBJECT_CONVERSION = YES_AGGRESSIVE;
				CLANG_CXX_LANGUAGE_STANDARD = "gnu++17";
				CLANG_ENABLE_MODULES = YES;
				CLANG_ENABLE_OBJC_ARC = YES;
				CLANG_ENABLE_OBJC_WEAK = YES;
				CLANG_WARN_BLOCK_CAPTURE_AUTORELEASING = YES;
				CLANG_WARN_BOOL_CONVERSION = YES;
				CLANG_WARN_COMMA = YES;
				CLANG_WARN_CONSTANT_CONVERSION = YES;
				CLANG_WARN_DEPRECATED_OBJC_IMPLEMENTATIONS = YES;
				CLANG_WARN_DIRECT_OBJC_ISA_USAGE = YES_ERROR;
				CLANG_WARN_DOCUMENTATION_COMMENTS = YES;
				CLANG_WARN_EMPTY_BODY = YES;
				CLANG_WARN_ENUM_CONVERSION = YES;
				CLANG_WARN_INFINITE_RECURSION = YES;
				CLANG_WARN_INT_CONVERSION = YES;
				CLANG_WARN_NON_LITERAL_NULL_CONVERSION = YES;
				CLANG_WARN_OBJC_IMPLICIT_RETAIN_SELF = YES;
				CLANG_WARN_OBJC_LITERAL_CONVERSION = YES;
				CLANG_WARN_OBJC_ROOT_CLASS = YES_ERROR;
				CLANG_WARN_QUOTED_INCLUDE_IN_FRAMEWORK_HEADER = YES;
				CLANG_WARN_RANGE_LOOP_ANALYSIS = YES;
				CLANG_WARN_STRICT_PROTOTYPES = YES;
				CLANG_WARN_SUSPICIOUS_MOVE = YES;
				CLANG_WARN_UNGUARDED_AVAILABILITY = YES_AGGRESSIVE;
				CLANG_WARN_UNREACHABLE_CODE = YES;
				CLANG_WARN__DUPLICATE_METHOD_MATCH = YES;
				COPY_PHASE_STRIP = NO;
				DEBUG_INFORMATION_FORMAT = "dwarf-with-dsym";
				ENABLE_NS_ASSERTIONS = NO;
				ENABLE_STRICT_OBJC_MSGSEND = YES;
				GCC_C_LANGUAGE_STANDARD = gnu11;
				GCC_NO_COMMON_BLOCKS = YES;
				GCC_WARN_64_TO_32_BIT_CONVERSION = YES;
				GCC_WARN_ABOUT_RETURN_TYPE = YES_ERROR;
				GCC_WARN_UNDECLARED_SELECTOR = YES;
				GCC_WARN_UNINITIALIZED_AUTOS = YES_AGGRESSIVE;
				GCC_WARN_UNUSED_FUNCTION = YES;
				GCC_WARN_UNUSED_VARIABLE = YES;
				IPHONEOS_DEPLOYMENT_TARGET = 15.5;
				MTL_ENABLE_DEBUG_INFO = NO;
				MTL_FAST_MATH = YES;
				SDKROOT = iphoneos;
				SWIFT_COMPILATION_MODE = wholemodule;
				SWIFT_OPTIMIZATION_LEVEL = "-O";
				VALIDATE_PRODUCT = YES;
			};
			name = Release;
		};
		753FC360288951C900269FD2 /* Debug */ = {
			isa = XCBuildConfiguration;
			baseConfigurationReference = A257DB4B44812C1F7F37FB5D /* Pods-color-customization.debug.xcconfig */;
			buildSettings = {
				ASSETCATALOG_COMPILER_APPICON_NAME = AppIcon;
				ASSETCATALOG_COMPILER_GLOBAL_ACCENT_COLOR_NAME = AccentColor;
				CODE_SIGN_STYLE = Automatic;
				CURRENT_PROJECT_VERSION = 1;
				GENERATE_INFOPLIST_FILE = YES;
				INFOPLIST_FILE = "color-customization/Info.plist";
				INFOPLIST_KEY_UIApplicationSupportsIndirectInputEvents = YES;
				INFOPLIST_KEY_UILaunchStoryboardName = LaunchScreen;
				INFOPLIST_KEY_UIMainStoryboardFile = Main;
				INFOPLIST_KEY_UISupportedInterfaceOrientations = "";
				INFOPLIST_KEY_UISupportedInterfaceOrientations_iPad = "UIInterfaceOrientationPortrait UIInterfaceOrientationPortraitUpsideDown UIInterfaceOrientationLandscapeLeft UIInterfaceOrientationLandscapeRight";
				INFOPLIST_KEY_UISupportedInterfaceOrientations_iPhone = "UIInterfaceOrientationPortrait UIInterfaceOrientationLandscapeLeft UIInterfaceOrientationLandscapeRight";
				IPHONEOS_DEPLOYMENT_TARGET = 13.0;
				LD_RUNPATH_SEARCH_PATHS = (
					"$(inherited)",
					"@executable_path/Frameworks",
				);
				MARKETING_VERSION = 1.0;
				PRODUCT_BUNDLE_IDENTIFIER = "com.dukhovnyi.color-customization";
				PRODUCT_NAME = "$(TARGET_NAME)";
				SWIFT_EMIT_LOC_STRINGS = YES;
				SWIFT_VERSION = 5.0;
				TARGETED_DEVICE_FAMILY = 1;
			};
			name = Debug;
		};
		753FC361288951C900269FD2 /* Release */ = {
			isa = XCBuildConfiguration;
			baseConfigurationReference = 15A463D44F20FF5A2C54C8CB /* Pods-color-customization.release.xcconfig */;
			buildSettings = {
				ASSETCATALOG_COMPILER_APPICON_NAME = AppIcon;
				ASSETCATALOG_COMPILER_GLOBAL_ACCENT_COLOR_NAME = AccentColor;
				CODE_SIGN_STYLE = Automatic;
				CURRENT_PROJECT_VERSION = 1;
				GENERATE_INFOPLIST_FILE = YES;
				INFOPLIST_FILE = "color-customization/Info.plist";
				INFOPLIST_KEY_UIApplicationSupportsIndirectInputEvents = YES;
				INFOPLIST_KEY_UILaunchStoryboardName = LaunchScreen;
				INFOPLIST_KEY_UIMainStoryboardFile = Main;
				INFOPLIST_KEY_UISupportedInterfaceOrientations = "";
				INFOPLIST_KEY_UISupportedInterfaceOrientations_iPad = "UIInterfaceOrientationPortrait UIInterfaceOrientationPortraitUpsideDown UIInterfaceOrientationLandscapeLeft UIInterfaceOrientationLandscapeRight";
				INFOPLIST_KEY_UISupportedInterfaceOrientations_iPhone = "UIInterfaceOrientationPortrait UIInterfaceOrientationLandscapeLeft UIInterfaceOrientationLandscapeRight";
				IPHONEOS_DEPLOYMENT_TARGET = 13.0;
				LD_RUNPATH_SEARCH_PATHS = (
					"$(inherited)",
					"@executable_path/Frameworks",
				);
				MARKETING_VERSION = 1.0;
				PRODUCT_BUNDLE_IDENTIFIER = "com.dukhovnyi.color-customization";
				PRODUCT_NAME = "$(TARGET_NAME)";
				SWIFT_EMIT_LOC_STRINGS = YES;
				SWIFT_VERSION = 5.0;
				TARGETED_DEVICE_FAMILY = 1;
			};
			name = Release;
		};
/* End XCBuildConfiguration section */

/* Begin XCConfigurationList section */
		753FC346288951C700269FD2 /* Build configuration list for PBXProject "color-customization" */ = {
			isa = XCConfigurationList;
			buildConfigurations = (
				753FC35D288951C900269FD2 /* Debug */,
				753FC35E288951C900269FD2 /* Release */,
			);
			defaultConfigurationIsVisible = 0;
			defaultConfigurationName = Release;
		};
		753FC35F288951C900269FD2 /* Build configuration list for PBXNativeTarget "color-customization" */ = {
			isa = XCConfigurationList;
			buildConfigurations = (
				753FC360288951C900269FD2 /* Debug */,
				753FC361288951C900269FD2 /* Release */,
			);
			defaultConfigurationIsVisible = 0;
			defaultConfigurationName = Release;
		};
/* End XCConfigurationList section */
	};
	rootObject = 753FC343288951C700269FD2 /* Project object */;
}
